github.com/aaronland/go-http/v4 v4.0.0 h1:bdFGr48IT05kOxP1IzmP4CFMpsf7CmEzMzNq5zBuYwE=
github.com/aaronland/go-http/v4 v4.0.0/go.mod h1:ysJtNDgvlJqDNb2ZGIhuYV2NSTzveKbg3U/5ahJ+NSo=
github.com/whosonfirst/go-sanitize v0.1.0 h1:ygSqCnakwdzH/m8UEa15zXGDsoo5/JJeRkgmAjXZrBU=
github.com/whosonfirst/go-sanitize v0.1.0/go.mod h1:p/emgbafMM0p5iVAz2XWwecYPl06Tw4Jos9rhTKIrt8=
github.com/whosonfirst/go-whosonfirst-sources v0.1.0 h1:JuKLa6KWke22jBfJ1pM9WQHoz1/3pbDv2C+aR+THPPQ=
github.com/whosonfirst/go-whosonfirst-sources v0.1.0/go.mod h1:EUMHyGzUmqPPxlMmOp+28BFeoBdxxE0HCKRd67lkqGM=
github.com/whosonfirst/go-whosonfirst-uri v1.3.0 h1:LYOVLqP9rWQxauYVkdw65j5LZxEi8OK0GHh/qCEpX4g=
github.com/whosonfirst/go-whosonfirst-uri v1.3.0/go.mod h1:CuVygTCUpMG945MMvqHyqxvc/L5YkDaMrrVpRFr7ZxY=
